// !$*UTF8*$!
{
	archiveVersion = 1;
	classes = {
	};
	objectVersion = 56;
	objects = {

/* Begin PBXBuildFile section */
		3B6063F72B5AD851009D9CBC /* GrandmaGotHitBySomethingApp.swift in Sources */ = {isa = PBXBuildFile; fileRef = 3B6063F62B5AD851009D9CBC /* GrandmaGotHitBySomethingApp.swift */; };
		3B6063F92B5AD851009D9CBC /* RootView.swift in Sources */ = {isa = PBXBuildFile; fileRef = 3B6063F82B5AD851009D9CBC /* RootView.swift */; };
		3B6063FB2B5AD853009D9CBC /* Assets.xcassets in Resources */ = {isa = PBXBuildFile; fileRef = 3B6063FA2B5AD853009D9CBC /* Assets.xcassets */; };
		3B6063FE2B5AD853009D9CBC /* Preview Assets.xcassets in Resources */ = {isa = PBXBuildFile; fileRef = 3B6063FD2B5AD853009D9CBC /* Preview Assets.xcassets */; };
		3B6064052B5AD965009D9CBC /* TimerView.swift in Sources */ = {isa = PBXBuildFile; fileRef = 3B6064042B5AD965009D9CBC /* TimerView.swift */; };
		3B6064072B5AD974009D9CBC /* CyclingView.swift in Sources */ = {isa = PBXBuildFile; fileRef = 3B6064062B5AD974009D9CBC /* CyclingView.swift */; };
		3B6064092B5ADD68009D9CBC /* RootSelectionView.swift in Sources */ = {isa = PBXBuildFile; fileRef = 3B6064082B5ADD68009D9CBC /* RootSelectionView.swift */; };
/* End PBXBuildFile section */

/* Begin PBXFileReference section */
		3B6063F32B5AD851009D9CBC /* GrandmaGotHitBySomething.app */ = {isa = PBXFileReference; explicitFileType = wrapper.application; includeInIndex = 0; path = GrandmaGotHitBySomething.app; sourceTree = BUILT_PRODUCTS_DIR; };
		3B6063F62B5AD851009D9CBC /* GrandmaGotHitBySomethingApp.swift */ = {isa = PBXFileReference; lastKnownFileType = sourcecode.swift; path = GrandmaGotHitBySomethingApp.swift; sourceTree = "<group>"; };
		3B6063F82B5AD851009D9CBC /* RootView.swift */ = {isa = PBXFileReference; lastKnownFileType = sourcecode.swift; path = RootView.swift; sourceTree = "<group>"; };
		3B6063FA2B5AD853009D9CBC /* Assets.xcassets */ = {isa = PBXFileReference; lastKnownFileType = folder.assetcatalog; path = Assets.xcassets; sourceTree = "<group>"; };
		3B6063FD2B5AD853009D9CBC /* Preview Assets.xcassets */ = {isa = PBXFileReference; lastKnownFileType = folder.assetcatalog; path = "Preview Assets.xcassets"; sourceTree = "<group>"; };
		3B6064042B5AD965009D9CBC /* TimerView.swift */ = {isa = PBXFileReference; lastKnownFileType = sourcecode.swift; path = TimerView.swift; sourceTree = "<group>"; };
		3B6064062B5AD974009D9CBC /* CyclingView.swift */ = {isa = PBXFileReference; lastKnownFileType = sourcecode.swift; path = CyclingView.swift; sourceTree = "<group>"; };
		3B6064082B5ADD68009D9CBC /* RootSelectionView.swift */ = {isa = PBXFileReference; lastKnownFileType = sourcecode.swift; path = RootSelectionView.swift; sourceTree = "<group>"; };
/* End PBXFileReference section */

/* Begin PBXFrameworksBuildPhase section */
		3B6063F02B5AD851009D9CBC /* Frameworks */ = {
			isa = PBXFrameworksBuildPhase;
			buildActionMask = 2147483647;
			files = (
			);
			runOnlyForDeploymentPostprocessing = 0;
		};
/* End PBXFrameworksBuildPhase section */

/* Begin PBXGroup section */
		3B6063EA2B5AD851009D9CBC = {
			isa = PBXGroup;
			children = (
				3B6063F52B5AD851009D9CBC /* GrandmaGotHitBySomething */,
				3B6063F42B5AD851009D9CBC /* Products */,
			);
			sourceTree = "<group>";
		};
		3B6063F42B5AD851009D9CBC /* Products */ = {
			isa = PBXGroup;
			children = (
				3B6063F32B5AD851009D9CBC /* GrandmaGotHitBySomething.app */,
			);
			name = Products;
			sourceTree = "<group>";
		};
		3B6063F52B5AD851009D9CBC /* GrandmaGotHitBySomething */ = {
			isa = PBXGroup;
			children = (
				3B6063FA2B5AD853009D9CBC /* Assets.xcassets */,
				3B6064062B5AD974009D9CBC /* CyclingView.swift */,
				3B6063F62B5AD851009D9CBC /* GrandmaGotHitBySomethingApp.swift */,
				3B6063FC2B5AD853009D9CBC /* Preview Content */,
				3B6064082B5ADD68009D9CBC /* RootSelectionView.swift */,
				3B6063F82B5AD851009D9CBC /* RootView.swift */,
				3B6064042B5AD965009D9CBC /* TimerView.swift */,
			);
			path = GrandmaGotHitBySomething;
			sourceTree = "<group>";
		};
		3B6063FC2B5AD853009D9CBC /* Preview Content */ = {
			isa = PBXGroup;
			children = (
				3B6063FD2B5AD853009D9CBC /* Preview Assets.xcassets */,
			);
			path = "Preview Content";
			sourceTree = "<group>";
		};
/* End PBXGroup section */

/* Begin PBXNativeTarget section */
		3B6063F22B5AD851009D9CBC /* GrandmaGotHitBySomething */ = {
			isa = PBXNativeTarget;
			buildConfigurationList = 3B6064012B5AD853009D9CBC /* Build configuration list for PBXNativeTarget "GrandmaGotHitBySomething" */;
			buildPhases = (
				3B6063EF2B5AD851009D9CBC /* Sources */,
				3B6063F02B5AD851009D9CBC /* Frameworks */,
				3B6063F12B5AD851009D9CBC /* Resources */,
			);
			buildRules = (
			);
			dependencies = (
			);
			name = GrandmaGotHitBySomething;
			productName = GrandmaGotHitBySomething;
			productReference = 3B6063F32B5AD851009D9CBC /* GrandmaGotHitBySomething.app */;
			productType = "com.apple.product-type.application";
		};
/* End PBXNativeTarget section */

/* Begin PBXProject section */
		3B6063EB2B5AD851009D9CBC /* Project object */ = {
			isa = PBXProject;
			attributes = {
				BuildIndependentTargetsInParallel = 1;
				LastSwiftUpdateCheck = 1510;
				LastUpgradeCheck = 1510;
				TargetAttributes = {
					3B6063F22B5AD851009D9CBC = {
						CreatedOnToolsVersion = 15.1;
					};
				};
			};
			buildConfigurationList = 3B6063EE2B5AD851009D9CBC /* Build configuration list for PBXProject "GrandmaGotHitBySomething" */;
			compatibilityVersion = "Xcode 14.0";
			developmentRegion = en;
			hasScannedForEncodings = 0;
			knownRegions = (
				en,
				Base,
			);
			mainGroup = 3B6063EA2B5AD851009D9CBC;
			productRefGroup = 3B6063F42B5AD851009D9CBC /* Products */;
			projectDirPath = "";
			projectRoot = "";
			targets = (
				3B6063F22B5AD851009D9CBC /* GrandmaGotHitBySomething */,
			);
		};
/* End PBXProject section */

/* Begin PBXResourcesBuildPhase section */
		3B6063F12B5AD851009D9CBC /* Resources */ = {
			isa = PBXResourcesBuildPhase;
			buildActionMask = 2147483647;
			files = (
				3B6063FE2B5AD853009D9CBC /* Preview Assets.xcassets in Resources */,
				3B6063FB2B5AD853009D9CBC /* Assets.xcassets in Resources */,
			);
			runOnlyForDeploymentPostprocessing = 0;
		};
/* End PBXResourcesBuildPhase section */

/* Begin PBXSourcesBuildPhase section */
		3B6063EF2B5AD851009D9CBC /* Sources */ = {
			isa = PBXSourcesBuildPhase;
			buildActionMask = 2147483647;
			files = (
				3B6064072B5AD974009D9CBC /* CyclingView.swift in Sources */,
				3B6064052B5AD965009D9CBC /* TimerView.swift in Sources */,
				3B6063F92B5AD851009D9CBC /* RootView.swift in Sources */,
				3B6064092B5ADD68009D9CBC /* RootSelectionView.swift in Sources */,
				3B6063F72B5AD851009D9CBC /* GrandmaGotHitBySomethingApp.swift in Sources */,
			);
			runOnlyForDeploymentPostprocessing = 0;
		};
/* End PBXSourcesBuildPhase section */

/* Begin XCBuildConfiguration section */
		3B6063FF2B5AD853009D9CBC /* Debug */ = {
			isa = XCBuildConfiguration;
			buildSettings = {
				ALWAYS_SEARCH_USER_PATHS = NO;
				ASSETCATALOG_COMPILER_GENERATE_SWIFT_ASSET_SYMBOL_EXTENSIONS = YES;
				CLANG_ANALYZER_NONNULL = YES;
				CLANG_ANALYZER_NUMBER_OBJECT_CONVERSION = YES_AGGRESSIVE;
				CLANG_CXX_LANGUAGE_STANDARD = "gnu++20";
				CLANG_ENABLE_MODULES = YES;
				CLANG_ENABLE_OBJC_ARC = YES;
				CLANG_ENABLE_OBJC_WEAK = YES;
				CLANG_WARN_BLOCK_CAPTURE_AUTORELEASING = YES;
				CLANG_WARN_BOOL_CONVERSION = YES;
				CLANG_WARN_COMMA = YES;
				CLANG_WARN_CONSTANT_CONVERSION = YES;
				CLANG_WARN_DEPRECATED_OBJC_IMPLEMENTATIONS = YES;
				CLANG_WARN_DIRECT_OBJC_ISA_USAGE = YES_ERROR;
				CLANG_WARN_DOCUMENTATION_COMMENTS = YES;
				CLANG_WARN_EMPTY_BODY = YES;
				CLANG_WARN_ENUM_CONVERSION = YES;
				CLANG_WARN_INFINITE_RECURSION = YES;
				CLANG_WARN_INT_CONVERSION = YES;
				CLANG_WARN_NON_LITERAL_NULL_CONVERSION = YES;
				CLANG_WARN_OBJC_IMPLICIT_RETAIN_SELF = YES;
				CLANG_WARN_OBJC_LITERAL_CONVERSION = YES;
				CLANG_WARN_OBJC_ROOT_CLASS = YES_ERROR;
				CLANG_WARN_QUOTED_INCLUDE_IN_FRAMEWORK_HEADER = YES;
				CLANG_WARN_RANGE_LOOP_ANALYSIS = YES;
				CLANG_WARN_STRICT_PROTOTYPES = YES;
				CLANG_WARN_SUSPICIOUS_MOVE = YES;
				CLANG_WARN_UNGUARDED_AVAILABILITY = YES_AGGRESSIVE;
				CLANG_WARN_UNREACHABLE_CODE = YES;
				CLANG_WARN__DUPLICATE_METHOD_MATCH = YES;
				COPY_PHASE_STRIP = NO;
				DEBUG_INFORMATION_FORMAT = dwarf;
				ENABLE_STRICT_OBJC_MSGSEND = YES;
				ENABLE_TESTABILITY = YES;
				ENABLE_USER_SCRIPT_SANDBOXING = YES;
				GCC_C_LANGUAGE_STANDARD = gnu17;
				GCC_DYNAMIC_NO_PIC = NO;
				GCC_NO_COMMON_BLOCKS = YES;
				GCC_OPTIMIZATION_LEVEL = 0;
				GCC_PREPROCESSOR_DEFINITIONS = (
					"DEBUG=1",
					"$(inherited)",
				);
				GCC_WARN_64_TO_32_BIT_CONVERSION = YES;
				GCC_WARN_ABOUT_RETURN_TYPE = YES_ERROR;
				GCC_WARN_UNDECLARED_SELECTOR = YES;
				GCC_WARN_UNINITIALIZED_AUTOS = YES_AGGRESSIVE;
				GCC_WARN_UNUSED_FUNCTION = YES;
				GCC_WARN_UNUSED_VARIABLE = YES;
				IPHONEOS_DEPLOYMENT_TARGET = 17.2;
				LOCALIZATION_PREFERS_STRING_CATALOGS = YES;
				MTL_ENABLE_DEBUG_INFO = INCLUDE_SOURCE;
				MTL_FAST_MATH = YES;
				ONLY_ACTIVE_ARCH = YES;
				SDKROOT = iphoneos;
				SWIFT_ACTIVE_COMPILATION_CONDITIONS = "DEBUG $(inherited)";
				SWIFT_OPTIMIZATION_LEVEL = "-Onone";
			};
			name = Debug;
		};
		3B6064002B5AD853009D9CBC /* Release */ = {
			isa = XCBuildConfiguration;
			buildSettings = {
				ALWAYS_SEARCH_USER_PATHS = NO;
				ASSETCATALOG_COMPILER_GENERATE_SWIFT_ASSET_SYMBOL_EXTENSIONS = YES;
				CLANG_ANALYZER_NONNULL = YES;
				CLANG_ANALYZER_NUMBER_OBJECT_CONVERSION = YES_AGGRESSIVE;
				CLANG_CXX_LANGUAGE_STANDARD = "gnu++20";
				CLANG_ENABLE_MODULES = YES;
				CLANG_ENABLE_OBJC_ARC = YES;
				CLANG_ENABLE_OBJC_WEAK = YES;
				CLANG_WARN_BLOCK_CAPTURE_AUTORELEASING = YES;
				CLANG_WARN_BOOL_CONVERSION = YES;
				CLANG_WARN_COMMA = YES;
				CLANG_WARN_CONSTANT_CONVERSION = YES;
				CLANG_WARN_DEPRECATED_OBJC_IMPLEMENTATIONS = YES;
				CLANG_WARN_DIRECT_OBJC_ISA_USAGE = YES_ERROR;
				CLANG_WARN_DOCUMENTATION_COMMENTS = YES;
				CLANG_WARN_EMPTY_BODY = YES;
				CLANG_WARN_ENUM_CONVERSION = YES;
				CLANG_WARN_INFINITE_RECURSION = YES;
				CLANG_WARN_INT_CONVERSION = YES;
				CLANG_WARN_NON_LITERAL_NULL_CONVERSION = YES;
				CLANG_WARN_OBJC_IMPLICIT_RETAIN_SELF = YES;
				CLANG_WARN_OBJC_LITERAL_CONVERSION = YES;
				CLANG_WARN_OBJC_ROOT_CLASS = YES_ERROR;
				CLANG_WARN_QUOTED_INCLUDE_IN_FRAMEWORK_HEADER = YES;
				CLANG_WARN_RANGE_LOOP_ANALYSIS = YES;
				CLANG_WARN_STRICT_PROTOTYPES = YES;
				CLANG_WARN_SUSPICIOUS_MOVE = YES;
				CLANG_WARN_UNGUARDED_AVAILABILITY = YES_AGGRESSIVE;
				CLANG_WARN_UNREACHABLE_CODE = YES;
				CLANG_WARN__DUPLICATE_METHOD_MATCH = YES;
				COPY_PHASE_STRIP = NO;
				DEBUG_INFORMATION_FORMAT = "dwarf-with-dsym";
				ENABLE_NS_ASSERTIONS = NO;
				ENABLE_STRICT_OBJC_MSGSEND = YES;
				ENABLE_USER_SCRIPT_SANDBOXING = YES;
				GCC_C_LANGUAGE_STANDARD = gnu17;
				GCC_NO_COMMON_BLOCKS = YES;
				GCC_WARN_64_TO_32_BIT_CONVERSION = YES;
				GCC_WARN_ABOUT_RETURN_TYPE = YES_ERROR;
				GCC_WARN_UNDECLARED_SELECTOR = YES;
				GCC_WARN_UNINITIALIZED_AUTOS = YES_AGGRESSIVE;
				GCC_WARN_UNUSED_FUNCTION = YES;
				GCC_WARN_UNUSED_VARIABLE = YES;
				IPHONEOS_DEPLOYMENT_TARGET = 17.2;
				LOCALIZATION_PREFERS_STRING_CATALOGS = YES;
				MTL_ENABLE_DEBUG_INFO = NO;
				MTL_FAST_MATH = YES;
				SDKROOT = iphoneos;
				SWIFT_COMPILATION_MODE = wholemodule;
				VALIDATE_PRODUCT = YES;
			};
			name = Release;
		};
		3B6064022B5AD853009D9CBC /* Debug */ = {
			isa = XCBuildConfiguration;
			buildSettings = {
				ASSETCATALOG_COMPILER_APPICON_NAME = AppIcon;
				ASSETCATALOG_COMPILER_GLOBAL_ACCENT_COLOR_NAME = AccentColor;
				CODE_SIGN_STYLE = Automatic;
				CURRENT_PROJECT_VERSION = 1;
				DEVELOPMENT_ASSET_PATHS = "\"GrandmaGotHitBySomething/Preview Content\"";
				ENABLE_PREVIEWS = YES;
				GENERATE_INFOPLIST_FILE = YES;
				INFOPLIST_KEY_UIApplicationSceneManifest_Generation = YES;
				INFOPLIST_KEY_UIApplicationSupportsIndirectInputEvents = YES;
				INFOPLIST_KEY_UILaunchScreen_Generation = YES;
				INFOPLIST_KEY_UISupportedInterfaceOrientations_iPad = "UIInterfaceOrientationPortrait UIInterfaceOrientationPortraitUpsideDown UIInterfaceOrientationLandscapeLeft UIInterfaceOrientationLandscapeRight";
				INFOPLIST_KEY_UISupportedInterfaceOrientations_iPhone = "UIInterfaceOrientationPortrait UIInterfaceOrientationLandscapeLeft UIInterfaceOrientationLandscapeRight";
				LD_RUNPATH_SEARCH_PATHS = (
					"$(inherited)",
					"@executable_path/Frameworks",
				);
				MARKETING_VERSION = 1.0;
				PRODUCT_BUNDLE_IDENTIFIER = edu.ucdavis.cs.ecs189e.GrandmaGotHitBySomething;
				PRODUCT_NAME = "$(TARGET_NAME)";
				SWIFT_EMIT_LOC_STRINGS = YES;
				SWIFT_VERSION = 5.0;
				TARGETED_DEVICE_FAMILY = "1,2";
			};
			name = Debug;
		};
		3B6064032B5AD853009D9CBC /* Release */ = {
			isa = XCBuildConfiguration;
			buildSettings = {
				ASSETCATALOG_COMPILER_APPICON_NAME = AppIcon;
				ASSETCATALOG_COMPILER_GLOBAL_ACCENT_COLOR_NAME = AccentColor;
				CODE_SIGN_STYLE = Automatic;
				CURRENT_PROJECT_VERSION = 1;
				DEVELOPMENT_ASSET_PATHS = "\"GrandmaGotHitBySomething/Preview Content\"";
				ENABLE_PREVIEWS = YES;
				GENERATE_INFOPLIST_FILE = YES;
				INFOPLIST_KEY_UIApplicationSceneManifest_Generation = YES;
				INFOPLIST_KEY_UIApplicationSupportsIndirectInputEvents = YES;
				INFOPLIST_KEY_UILaunchScreen_Generation = YES;
				INFOPLIST_KEY_UISupportedInterfaceOrientations_iPad = "UIInterfaceOrientationPortrait UIInterfaceOrientationPortraitUpsideDown UIInterfaceOrientationLandscapeLeft UIInterfaceOrientationLandscapeRight";
				INFOPLIST_KEY_UISupportedInterfaceOrientations_iPhone = "UIInterfaceOrientationPortrait UIInterfaceOrientationLandscapeLeft UIInterfaceOrientationLandscapeRight";
				LD_RUNPATH_SEARCH_PATHS = (
					"$(inherited)",
					"@executable_path/Frameworks",
				);
				MARKETING_VERSION = 1.0;
				PRODUCT_BUNDLE_IDENTIFIER = edu.ucdavis.cs.ecs189e.GrandmaGotHitBySomething;
				PRODUCT_NAME = "$(TARGET_NAME)";
				SWIFT_EMIT_LOC_STRINGS = YES;
				SWIFT_VERSION = 5.0;
				TARGETED_DEVICE_FAMILY = "1,2";
			};
			name = Release;
		};
/* End XCBuildConfiguration section */

/* Begin XCConfigurationList section */
		3B6063EE2B5AD851009D9CBC /* Build configuration list for PBXProject "GrandmaGotHitBySomething" */ = {
			isa = XCConfigurationList;
			buildConfigurations = (
				3B6063FF2B5AD853009D9CBC /* Debug */,
				3B6064002B5AD853009D9CBC /* Release */,
			);
			defaultConfigurationIsVisible = 0;
			defaultConfigurationName = Release;
		};
		3B6064012B5AD853009D9CBC /* Build configuration list for PBXNativeTarget "GrandmaGotHitBySomething" */ = {
			isa = XCConfigurationList;
			buildConfigurations = (
				3B6064022B5AD853009D9CBC /* Debug */,
				3B6064032B5AD853009D9CBC /* Release */,
			);
			defaultConfigurationIsVisible = 0;
			defaultConfigurationName = Release;
		};
/* End XCConfigurationList section */
	};
	rootObject = 3B6063EB2B5AD851009D9CBC /* Project object */;
}
