// !$*UTF8*$!
{
	archiveVersion = 1;
	classes = {
	};
	objectVersion = 110;
	objects = {

/* Begin PBXContainerItemProxy section */
		3B98F915306C12D300538A65 /* PBXContainerItemProxy */ = {
			isa = PBXContainerItemProxy;
			containerPortal = 3B98F8FF306C12D200538A65 /* Project object */;
			proxyType = 1;
			remoteGlobalIDString = 3B98F906306C12D200538A65;
			remoteInfo = StopwatchManual;
		};
		3B98F91F306C12D300538A65 /* PBXContainerItemProxy */ = {
			isa = PBXContainerItemProxy;
			containerPortal = 3B98F8FF306C12D200538A65 /* Project object */;
			proxyType = 1;
			remoteGlobalIDString = 3B98F906306C12D200538A65;
			remoteInfo = StopwatchManual;
		};
/* End PBXContainerItemProxy section */

/* Begin PBXFileReference section */
		3B98F907306C12D200538A65 /* StopwatchManual.app */ = {isa = PBXFileReference; explicitFileType = wrapper.application; includeInIndex = 0; path = StopwatchManual.app; sourceTree = BUILT_PRODUCTS_DIR; };
		3B98F914306C12D300538A65 /* StopwatchManualTests.xctest */ = {isa = PBXFileReference; explicitFileType = wrapper.cfbundle; includeInIndex = 0; path = StopwatchManualTests.xctest; sourceTree = BUILT_PRODUCTS_DIR; };
		3B98F91E306C12D300538A65 /* StopwatchManualUITests.xctest */ = {isa = PBXFileReference; explicitFileType = wrapper.cfbundle; includeInIndex = 0; path = StopwatchManualUITests.xctest; sourceTree = BUILT_PRODUCTS_DIR; };
/* End PBXFileReference section */

/* Begin PBXFileSystemSynchronizedRootGroup section */
		3B98F909306C12D200538A65 /* StopwatchManual */ = {
			isa = PBXFileSystemSynchronizedRootGroup;
			path = StopwatchManual;
			sourceTree = "<group>";
		};
		3B98F917306C12D300538A65 /* StopwatchManualTests */ = {
			isa = PBXFileSystemSynchronizedRootGroup;
			path = StopwatchManualTests;
			sourceTree = "<group>";
		};
		3B98F921306C12D300538A65 /* StopwatchManualUITests */ = {
			isa = PBXFileSystemSynchronizedRootGroup;
			path = StopwatchManualUITests;
			sourceTree = "<group>";
		};
/* End PBXFileSystemSynchronizedRootGroup section */

/* Begin PBXFrameworksBuildPhase section */
		3B98F904306C12D200538A65 /* Frameworks */ = {
			isa = PBXFrameworksBuildPhase;
			files = (
			);
		};
		3B98F911306C12D300538A65 /* Frameworks */ = {
			isa = PBXFrameworksBuildPhase;
			files = (
			);
		};
		3B98F91B306C12D300538A65 /* Frameworks */ = {
			isa = PBXFrameworksBuildPhase;
			files = (
			);
		};
/* End PBXFrameworksBuildPhase section */

/* Begin PBXGroup section */
		3B98F8FE306C12D200538A65 = {
			isa = PBXGroup;
			children = (
				3B98F909306C12D200538A65 /* StopwatchManual */,
				3B98F917306C12D300538A65 /* StopwatchManualTests */,
				3B98F921306C12D300538A65 /* StopwatchManualUITests */,
				3B98F908306C12D200538A65 /* Products */,
			);
			sourceTree = "<group>";
		};
		3B98F908306C12D200538A65 /* Products */ = {
			isa = PBXGroup;
			children = (
				3B98F907306C12D200538A65 /* StopwatchManual.app */,
				3B98F914306C12D300538A65 /* StopwatchManualTests.xctest */,
				3B98F91E306C12D300538A65 /* StopwatchManualUITests.xctest */,
			);
			name = Products;
			sourceTree = "<group>";
		};
/* End PBXGroup section */

/* Begin PBXNativeTarget section */
		3B98F906306C12D200538A65 /* StopwatchManual */ = {
			isa = PBXNativeTarget;
			buildConfigurationList = 3B98F926306C12D300538A65 /* Build configuration list for PBXNativeTarget "StopwatchManual" */;
			buildPhases = (
				3B98F903306C12D200538A65 /* Sources */,
				3B98F904306C12D200538A65 /* Frameworks */,
				3B98F905306C12D200538A65 /* Resources */,
			);
			buildRules = (
			);
			fileSystemSynchronizedGroups = (
				3B98F909306C12D200538A65 /* StopwatchManual */,
			);
			name = StopwatchManual;
			productName = StopwatchManual;
			productReference = 3B98F907306C12D200538A65 /* StopwatchManual.app */;
			productType = "com.apple.product-type.application";
		};
		3B98F913306C12D300538A65 /* StopwatchManualTests */ = {
			isa = PBXNativeTarget;
			buildConfigurationList = 3B98F929306C12D300538A65 /* Build configuration list for PBXNativeTarget "StopwatchManualTests" */;
			buildPhases = (
				3B98F910306C12D300538A65 /* Sources */,
				3B98F911306C12D300538A65 /* Frameworks */,
				3B98F912306C12D300538A65 /* Resources */,
			);
			buildRules = (
			);
			dependencies = (
				3B98F916306C12D300538A65 /* PBXTargetDependency */,
			);
			fileSystemSynchronizedGroups = (
				3B98F917306C12D300538A65 /* StopwatchManualTests */,
			);
			name = StopwatchManualTests;
			productName = StopwatchManualTests;
			productReference = 3B98F914306C12D300538A65 /* StopwatchManualTests.xctest */;
			productType = "com.apple.product-type.bundle.unit-test";
		};
		3B98F91D306C12D300538A65 /* StopwatchManualUITests */ = {
			isa = PBXNativeTarget;
			buildConfigurationList = 3B98F92C306C12D300538A65 /* Build configuration list for PBXNativeTarget "StopwatchManualUITests" */;
			buildPhases = (
				3B98F91A306C12D300538A65 /* Sources */,
				3B98F91B306C12D300538A65 /* Frameworks */,
				3B98F91C306C12D300538A65 /* Resources */,
			);
			buildRules = (
			);
			dependencies = (
				3B98F920306C12D300538A65 /* PBXTargetDependency */,
			);
			fileSystemSynchronizedGroups = (
				3B98F921306C12D300538A65 /* StopwatchManualUITests */,
			);
			name = StopwatchManualUITests;
			productName = StopwatchManualUITests;
			productReference = 3B98F91E306C12D300538A65 /* StopwatchManualUITests.xctest */;
			productType = "com.apple.product-type.bundle.ui-testing";
		};
/* End PBXNativeTarget section */

/* Begin PBXProject section */
		3B98F8FF306C12D200538A65 /* Project object */ = {
			isa = PBXProject;
			attributes = {
				BuildIndependentTargetsInParallel = 1;
				LastSwiftUpdateCheck = 2700;
				LastUpgradeCheck = 2700;
				TargetAttributes = {
					3B98F906306C12D200538A65 = {
						CreatedOnToolsVersion = 27.0;
					};
					3B98F913306C12D300538A65 = {
						CreatedOnToolsVersion = 27.0;
						TestTargetID = 3B98F906306C12D200538A65;
					};
					3B98F91D306C12D300538A65 = {
						CreatedOnToolsVersion = 27.0;
						TestTargetID = 3B98F906306C12D200538A65;
					};
				};
			};
			buildConfigurationList = 3B98F902306C12D200538A65 /* Build configuration list for PBXProject "StopwatchManual" */;
			developmentRegion = en;
			hasScannedForEncodings = 0;
			knownRegions = (
				en,
				Base,
			);
			mainGroup = 3B98F8FE306C12D200538A65;
			minimizedProjectReferenceProxies = 1;
			preferredProjectObjectVersion = 77;
			productRefGroup = 3B98F908306C12D200538A65 /* Products */;
			projectDirPath = "";
			projectRoot = "";
			targets = (
				3B98F906306C12D200538A65 /* StopwatchManual */,
				3B98F913306C12D300538A65 /* StopwatchManualTests */,
				3B98F91D306C12D300538A65 /* StopwatchManualUITests */,
			);
		};
/* End PBXProject section */

/* Begin PBXResourcesBuildPhase section */
		3B98F905306C12D200538A65 /* Resources */ = {
			isa = PBXResourcesBuildPhase;
			files = (
			);
		};
		3B98F912306C12D300538A65 /* Resources */ = {
			isa = PBXResourcesBuildPhase;
			files = (
			);
		};
		3B98F91C306C12D300538A65 /* Resources */ = {
			isa = PBXResourcesBuildPhase;
			files = (
			);
		};
/* End PBXResourcesBuildPhase section */

/* Begin PBXSourcesBuildPhase section */
		3B98F903306C12D200538A65 /* Sources */ = {
			isa = PBXSourcesBuildPhase;
			files = (
			);
		};
		3B98F910306C12D300538A65 /* Sources */ = {
			isa = PBXSourcesBuildPhase;
			files = (
			);
		};
		3B98F91A306C12D300538A65 /* Sources */ = {
			isa = PBXSourcesBuildPhase;
			files = (
			);
		};
/* End PBXSourcesBuildPhase section */

/* Begin PBXTargetDependency section */
		3B98F916306C12D300538A65 /* PBXTargetDependency */ = {
			isa = PBXTargetDependency;
			target = 3B98F906306C12D200538A65 /* StopwatchManual */;
			targetProxy = 3B98F915306C12D300538A65 /* PBXContainerItemProxy */;
		};
		3B98F920306C12D300538A65 /* PBXTargetDependency */ = {
			isa = PBXTargetDependency;
			target = 3B98F906306C12D200538A65 /* StopwatchManual */;
			targetProxy = 3B98F91F306C12D300538A65 /* PBXContainerItemProxy */;
		};
/* End PBXTargetDependency section */

/* Begin XCBuildConfiguration section */
		3B98F924306C12D300538A65 /* Debug configuration for PBXProject "StopwatchManual" */ = {
			isa = XCBuildConfiguration;
			buildSettings = {
				ALWAYS_SEARCH_USER_PATHS = NO;
				ASSETCATALOG_COMPILER_GENERATE_SWIFT_ASSET_SYMBOL_EXTENSIONS = YES;
				CLANG_ANALYZER_NONNULL = YES;
				CLANG_ANALYZER_NUMBER_OBJECT_CONVERSION = YES_AGGRESSIVE;
				CLANG_CXX_LANGUAGE_STANDARD = "gnu++20";
				CLANG_ENABLE_MODULES = YES;
				CLANG_ENABLE_OBJC_ARC = YES;
				CLANG_ENABLE_OBJC_WEAK = YES;
				CLANG_WARN_BLOCK_CAPTURE_AUTORELEASING = YES;
				CLANG_WARN_BOOL_CONVERSION = YES;
				CLANG_WARN_COMMA = YES;
				CLANG_WARN_CONSTANT_CONVERSION = YES;
				CLANG_WARN_DEPRECATED_OBJC_IMPLEMENTATIONS = YES;
				CLANG_WARN_DIRECT_OBJC_ISA_USAGE = YES_ERROR;
				CLANG_WARN_DOCUMENTATION_COMMENTS = YES;
				CLANG_WARN_EMPTY_BODY = YES;
				CLANG_WARN_ENUM_CONVERSION = YES;
				CLANG_WARN_INFINITE_RECURSION = YES;
				CLANG_WARN_INT_CONVERSION = YES;
				CLANG_WARN_NON_LITERAL_NULL_CONVERSION = YES;
				CLANG_WARN_OBJC_IMPLICIT_RETAIN_SELF = YES;
				CLANG_WARN_OBJC_LITERAL_CONVERSION = YES;
				CLANG_WARN_OBJC_ROOT_CLASS = YES_ERROR;
				CLANG_WARN_QUOTED_INCLUDE_IN_FRAMEWORK_HEADER = YES;
				CLANG_WARN_RANGE_LOOP_ANALYSIS = YES;
				CLANG_WARN_STRICT_PROTOTYPES = YES;
				CLANG_WARN_SUSPICIOUS_MOVE = YES;
				CLANG_WARN_UNGUARDED_AVAILABILITY = YES_AGGRESSIVE;
				CLANG_WARN_UNREACHABLE_CODE = YES;
				CLANG_WARN__DUPLICATE_METHOD_MATCH = YES;
				COPY_PHASE_STRIP = NO;
				DEBUG_INFORMATION_FORMAT = dwarf;
				DEVELOPMENT_TEAM = L4TQ6C2R74;
				ENABLE_STRICT_OBJC_MSGSEND = YES;
				ENABLE_TESTABILITY = YES;
				ENABLE_USER_SCRIPT_SANDBOXING = YES;
				GCC_C_LANGUAGE_STANDARD = gnu17;
				GCC_DYNAMIC_NO_PIC = NO;
				GCC_NO_COMMON_BLOCKS = YES;
				GCC_OPTIMIZATION_LEVEL = 0;
				GCC_PREPROCESSOR_DEFINITIONS = (
					"DEBUG=1",
					"$(inherited)",
				);
				GCC_WARN_64_TO_32_BIT_CONVERSION = YES;
				GCC_WARN_ABOUT_RETURN_TYPE = YES_ERROR;
				GCC_WARN_UNDECLARED_SELECTOR = YES;
				GCC_WARN_UNINITIALIZED_AUTOS = YES_AGGRESSIVE;
				GCC_WARN_UNUSED_FUNCTION = YES;
				GCC_WARN_UNUSED_VARIABLE = YES;
				IPHONEOS_DEPLOYMENT_TARGET = 27.0;
				LOCALIZATION_PREFERS_STRING_CATALOGS = YES;
				MTL_ENABLE_DEBUG_INFO = INCLUDE_SOURCE;
				MTL_FAST_MATH = YES;
				ONLY_ACTIVE_ARCH = YES;
				SDKROOT = iphoneos;
				SWIFT_ACTIVE_COMPILATION_CONDITIONS = "DEBUG $(inherited)";
				SWIFT_OPTIMIZATION_LEVEL = "-Onone";
			};
			name = Debug;
		};
		3B98F925306C12D300538A65 /* Release configuration for PBXProject "StopwatchManual" */ = {
			isa = XCBuildConfiguration;
			buildSettings = {
				ALWAYS_SEARCH_USER_PATHS = NO;
				ASSETCATALOG_COMPILER_GENERATE_SWIFT_ASSET_SYMBOL_EXTENSIONS = YES;
				CLANG_ANALYZER_NONNULL = YES;
				CLANG_ANALYZER_NUMBER_OBJECT_CONVERSION = YES_AGGRESSIVE;
				CLANG_CXX_LANGUAGE_STANDARD = "gnu++20";
				CLANG_ENABLE_MODULES = YES;
				CLANG_ENABLE_OBJC_ARC = YES;
				CLANG_ENABLE_OBJC_WEAK = YES;
				CLANG_WARN_BLOCK_CAPTURE_AUTORELEASING = YES;
				CLANG_WARN_BOOL_CONVERSION = YES;
				CLANG_WARN_COMMA = YES;
				CLANG_WARN_CONSTANT_CONVERSION = YES;
				CLANG_WARN_DEPRECATED_OBJC_IMPLEMENTATIONS = YES;
				CLANG_WARN_DIRECT_OBJC_ISA_USAGE = YES_ERROR;
				CLANG_WARN_DOCUMENTATION_COMMENTS = YES;
				CLANG_WARN_EMPTY_BODY = YES;
				CLANG_WARN_ENUM_CONVERSION = YES;
				CLANG_WARN_INFINITE_RECURSION = YES;
				CLANG_WARN_INT_CONVERSION = YES;
				CLANG_WARN_NON_LITERAL_NULL_CONVERSION = YES;
				CLANG_WARN_OBJC_IMPLICIT_RETAIN_SELF = YES;
				CLANG_WARN_OBJC_LITERAL_CONVERSION = YES;
				CLANG_WARN_OBJC_ROOT_CLASS = YES_ERROR;
				CLANG_WARN_QUOTED_INCLUDE_IN_FRAMEWORK_HEADER = YES;
				CLANG_WARN_RANGE_LOOP_ANALYSIS = YES;
				CLANG_WARN_STRICT_PROTOTYPES = YES;
				CLANG_WARN_SUSPICIOUS_MOVE = YES;
				CLANG_WARN_UNGUARDED_AVAILABILITY = YES_AGGRESSIVE;
				CLANG_WARN_UNREACHABLE_CODE = YES;
				CLANG_WARN__DUPLICATE_METHOD_MATCH = YES;
				COPY_PHASE_STRIP = NO;
				DEBUG_INFORMATION_FORMAT = "dwarf-with-dsym";
				DEVELOPMENT_TEAM = L4TQ6C2R74;
				ENABLE_NS_ASSERTIONS = NO;
				ENABLE_STRICT_OBJC_MSGSEND = YES;
				ENABLE_USER_SCRIPT_SANDBOXING = YES;
				GCC_C_LANGUAGE_STANDARD = gnu17;
				GCC_NO_COMMON_BLOCKS = YES;
				GCC_WARN_64_TO_32_BIT_CONVERSION = YES;
				GCC_WARN_ABOUT_RETURN_TYPE = YES_ERROR;
				GCC_WARN_UNDECLARED_SELECTOR = YES;
				GCC_WARN_UNINITIALIZED_AUTOS = YES_AGGRESSIVE;
				GCC_WARN_UNUSED_FUNCTION = YES;
				GCC_WARN_UNUSED_VARIABLE = YES;
				IPHONEOS_DEPLOYMENT_TARGET = 27.0;
				LOCALIZATION_PREFERS_STRING_CATALOGS = YES;
				MTL_ENABLE_DEBUG_INFO = NO;
				MTL_FAST_MATH = YES;
				SDKROOT = iphoneos;
				SWIFT_COMPILATION_MODE = wholemodule;
				VALIDATE_PRODUCT = YES;
			};
			name = Release;
		};
		3B98F927306C12D300538A65 /* Debug configuration for PBXNativeTarget "StopwatchManual" */ = {
			isa = XCBuildConfiguration;
			buildSettings = {
				ASSETCATALOG_COMPILER_APPICON_NAME = AppIcon;
				ASSETCATALOG_COMPILER_GLOBAL_ACCENT_COLOR_NAME = AccentColor;
				CODE_SIGN_STYLE = Automatic;
				CURRENT_PROJECT_VERSION = 1;
				DEVELOPMENT_TEAM = L4TQ6C2R74;
				ENABLE_PREVIEWS = YES;
				GENERATE_INFOPLIST_FILE = YES;
				INFOPLIST_KEY_UIApplicationSceneManifest_Generation = YES;
				INFOPLIST_KEY_UIApplicationSupportsIndirectInputEvents = YES;
				INFOPLIST_KEY_UILaunchScreen_Generation = YES;
				INFOPLIST_KEY_UISupportedInterfaceOrientations_iPad = "UIInterfaceOrientationPortrait UIInterfaceOrientationPortraitUpsideDown UIInterfaceOrientationLandscapeLeft UIInterfaceOrientationLandscapeRight";
				INFOPLIST_KEY_UISupportedInterfaceOrientations_iPhone = "UIInterfaceOrientationPortrait UIInterfaceOrientationLandscapeLeft UIInterfaceOrientationLandscapeRight";
				LD_RUNPATH_SEARCH_PATHS = (
					"$(inherited)",
					"@executable_path/Frameworks",
				);
				MARKETING_VERSION = 1.0;
				PRODUCT_BUNDLE_IDENTIFIER = edu.cs.ucdavis.ecs191.StopwatchManual;
				PRODUCT_NAME = "$(TARGET_NAME)";
				STRING_CATALOG_GENERATE_SYMBOLS = YES;
				SWIFT_APPROACHABLE_CONCURRENCY = YES;
				SWIFT_DEFAULT_ACTOR_ISOLATION = MainActor;
				SWIFT_EMIT_LOC_STRINGS = YES;
				SWIFT_UPCOMING_FEATURE_MEMBER_IMPORT_VISIBILITY = YES;
				SWIFT_VERSION = 5.0;
				TARGETED_DEVICE_FAMILY = "1,2";
			};
			name = Debug;
		};
		3B98F928306C12D300538A65 /* Release configuration for PBXNativeTarget "StopwatchManual" */ = {
			isa = XCBuildConfiguration;
			buildSettings = {
				ASSETCATALOG_COMPILER_APPICON_NAME = AppIcon;
				ASSETCATALOG_COMPILER_GLOBAL_ACCENT_COLOR_NAME = AccentColor;
				CODE_SIGN_STYLE = Automatic;
				CURRENT_PROJECT_VERSION = 1;
				DEVELOPMENT_TEAM = L4TQ6C2R74;
				ENABLE_PREVIEWS = YES;
				GENERATE_INFOPLIST_FILE = YES;
				INFOPLIST_KEY_UIApplicationSceneManifest_Generation = YES;
				INFOPLIST_KEY_UIApplicationSupportsIndirectInputEvents = YES;
				INFOPLIST_KEY_UILaunchScreen_Generation = YES;
				INFOPLIST_KEY_UISupportedInterfaceOrientations_iPad = "UIInterfaceOrientationPortrait UIInterfaceOrientationPortraitUpsideDown UIInterfaceOrientationLandscapeLeft UIInterfaceOrientationLandscapeRight";
				INFOPLIST_KEY_UISupportedInterfaceOrientations_iPhone = "UIInterfaceOrientationPortrait UIInterfaceOrientationLandscapeLeft UIInterfaceOrientationLandscapeRight";
				LD_RUNPATH_SEARCH_PATHS = (
					"$(inherited)",
					"@executable_path/Frameworks",
				);
				MARKETING_VERSION = 1.0;
				PRODUCT_BUNDLE_IDENTIFIER = edu.cs.ucdavis.ecs191.StopwatchManual;
				PRODUCT_NAME = "$(TARGET_NAME)";
				STRING_CATALOG_GENERATE_SYMBOLS = YES;
				SWIFT_APPROACHABLE_CONCURRENCY = YES;
				SWIFT_DEFAULT_ACTOR_ISOLATION = MainActor;
				SWIFT_EMIT_LOC_STRINGS = YES;
				SWIFT_UPCOMING_FEATURE_MEMBER_IMPORT_VISIBILITY = YES;
				SWIFT_VERSION = 5.0;
				TARGETED_DEVICE_FAMILY = "1,2";
			};
			name = Release;
		};
		3B98F92A306C12D300538A65 /* Debug configuration for PBXNativeTarget "StopwatchManualTests" */ = {
			isa = XCBuildConfiguration;
			buildSettings = {
				BUNDLE_LOADER = "$(TEST_HOST)";
				CODE_SIGN_STYLE = Automatic;
				CURRENT_PROJECT_VERSION = 1;
				DEVELOPMENT_TEAM = L4TQ6C2R74;
				GENERATE_INFOPLIST_FILE = YES;
				IPHONEOS_DEPLOYMENT_TARGET = 27.0;
				MARKETING_VERSION = 1.0;
				PRODUCT_BUNDLE_IDENTIFIER = edu.cs.ucdavis.ecs191.StopwatchManualTests;
				PRODUCT_NAME = "$(TARGET_NAME)";
				STRING_CATALOG_GENERATE_SYMBOLS = NO;
				SWIFT_APPROACHABLE_CONCURRENCY = YES;
				SWIFT_EMIT_LOC_STRINGS = NO;
				SWIFT_UPCOMING_FEATURE_MEMBER_IMPORT_VISIBILITY = YES;
				SWIFT_VERSION = 5.0;
				TARGETED_DEVICE_FAMILY = "1,2";
				TEST_HOST = "$(BUILT_PRODUCTS_DIR)/StopwatchManual.app/$(BUNDLE_EXECUTABLE_FOLDER_PATH)/StopwatchManual";
			};
			name = Debug;
		};
		3B98F92B306C12D300538A65 /* Release configuration for PBXNativeTarget "StopwatchManualTests" */ = {
			isa = XCBuildConfiguration;
			buildSettings = {
				BUNDLE_LOADER = "$(TEST_HOST)";
				CODE_SIGN_STYLE = Automatic;
				CURRENT_PROJECT_VERSION = 1;
				DEVELOPMENT_TEAM = L4TQ6C2R74;
				GENERATE_INFOPLIST_FILE = YES;
				IPHONEOS_DEPLOYMENT_TARGET = 27.0;
				MARKETING_VERSION = 1.0;
				PRODUCT_BUNDLE_IDENTIFIER = edu.cs.ucdavis.ecs191.StopwatchManualTests;
				PRODUCT_NAME = "$(TARGET_NAME)";
				STRING_CATALOG_GENERATE_SYMBOLS = NO;
				SWIFT_APPROACHABLE_CONCURRENCY = YES;
				SWIFT_EMIT_LOC_STRINGS = NO;
				SWIFT_UPCOMING_FEATURE_MEMBER_IMPORT_VISIBILITY = YES;
				SWIFT_VERSION = 5.0;
				TARGETED_DEVICE_FAMILY = "1,2";
				TEST_HOST = "$(BUILT_PRODUCTS_DIR)/StopwatchManual.app/$(BUNDLE_EXECUTABLE_FOLDER_PATH)/StopwatchManual";
			};
			name = Release;
		};
		3B98F92D306C12D300538A65 /* Debug configuration for PBXNativeTarget "StopwatchManualUITests" */ = {
			isa = XCBuildConfiguration;
			buildSettings = {
				CODE_SIGN_STYLE = Automatic;
				CURRENT_PROJECT_VERSION = 1;
				DEVELOPMENT_TEAM = L4TQ6C2R74;
				GENERATE_INFOPLIST_FILE = YES;
				MARKETING_VERSION = 1.0;
				PRODUCT_BUNDLE_IDENTIFIER = edu.cs.ucdavis.ecs191.StopwatchManualUITests;
				PRODUCT_NAME = "$(TARGET_NAME)";
				STRING_CATALOG_GENERATE_SYMBOLS = NO;
				SWIFT_APPROACHABLE_CONCURRENCY = YES;
				SWIFT_EMIT_LOC_STRINGS = NO;
				SWIFT_UPCOMING_FEATURE_MEMBER_IMPORT_VISIBILITY = YES;
				SWIFT_VERSION = 5.0;
				TARGETED_DEVICE_FAMILY = "1,2";
				TEST_TARGET_NAME = StopwatchManual;
			};
			name = Debug;
		};
		3B98F92E306C12D300538A65 /* Release configuration for PBXNativeTarget "StopwatchManualUITests" */ = {
			isa = XCBuildConfiguration;
			buildSettings = {
				CODE_SIGN_STYLE = Automatic;
				CURRENT_PROJECT_VERSION = 1;
				DEVELOPMENT_TEAM = L4TQ6C2R74;
				GENERATE_INFOPLIST_FILE = YES;
				MARKETING_VERSION = 1.0;
				PRODUCT_BUNDLE_IDENTIFIER = edu.cs.ucdavis.ecs191.StopwatchManualUITests;
				PRODUCT_NAME = "$(TARGET_NAME)";
				STRING_CATALOG_GENERATE_SYMBOLS = NO;
				SWIFT_APPROACHABLE_CONCURRENCY = YES;
				SWIFT_EMIT_LOC_STRINGS = NO;
				SWIFT_UPCOMING_FEATURE_MEMBER_IMPORT_VISIBILITY = YES;
				SWIFT_VERSION = 5.0;
				TARGETED_DEVICE_FAMILY = "1,2";
				TEST_TARGET_NAME = StopwatchManual;
			};
			name = Release;
		};
/* End XCBuildConfiguration section */

/* Begin XCConfigurationList section */
		3B98F902306C12D200538A65 /* Build configuration list for PBXProject "StopwatchManual" */ = {
			isa = XCConfigurationList;
			buildConfigurations = (
				3B98F924306C12D300538A65 /* Debug configuration for PBXProject "StopwatchManual" */,
				3B98F925306C12D300538A65 /* Release configuration for PBXProject "StopwatchManual" */,
			);
			defaultConfigurationName = Release;
		};
		3B98F926306C12D300538A65 /* Build configuration list for PBXNativeTarget "StopwatchManual" */ = {
			isa = XCConfigurationList;
			buildConfigurations = (
				3B98F927306C12D300538A65 /* Debug configuration for PBXNativeTarget "StopwatchManual" */,
				3B98F928306C12D300538A65 /* Release configuration for PBXNativeTarget "StopwatchManual" */,
			);
			defaultConfigurationName = Release;
		};
		3B98F929306C12D300538A65 /* Build configuration list for PBXNativeTarget "StopwatchManualTests" */ = {
			isa = XCConfigurationList;
			buildConfigurations = (
				3B98F92A306C12D300538A65 /* Debug configuration for PBXNativeTarget "StopwatchManualTests" */,
				3B98F92B306C12D300538A65 /* Release configuration for PBXNativeTarget "StopwatchManualTests" */,
			);
			defaultConfigurationName = Release;
		};
		3B98F92C306C12D300538A65 /* Build configuration list for PBXNativeTarget "StopwatchManualUITests" */ = {
			isa = XCConfigurationList;
			buildConfigurations = (
				3B98F92D306C12D300538A65 /* Debug configuration for PBXNativeTarget "StopwatchManualUITests" */,
				3B98F92E306C12D300538A65 /* Release configuration for PBXNativeTarget "StopwatchManualUITests" */,
			);
			defaultConfigurationName = Release;
		};
/* End XCConfigurationList section */
	};
	rootObject = 3B98F8FF306C12D200538A65 /* Project object */;
	validationLevel = 1;
}
