// !$*UTF8*$!
{
	archiveVersion = 1;
	classes = {
	};
	objectVersion = 110;
	objects = {

/* Begin PBXContainerItemProxy section */
		3B98F8E4306C127B00538A65 /* PBXContainerItemProxy */ = {
			isa = PBXContainerItemProxy;
			containerPortal = 3B98F8CE306C127B00538A65 /* Project object */;
			proxyType = 1;
			remoteGlobalIDString = 3B98F8D5306C127B00538A65;
			remoteInfo = StopwatchAuto;
		};
		3B98F8EE306C127B00538A65 /* PBXContainerItemProxy */ = {
			isa = PBXContainerItemProxy;
			containerPortal = 3B98F8CE306C127B00538A65 /* Project object */;
			proxyType = 1;
			remoteGlobalIDString = 3B98F8D5306C127B00538A65;
			remoteInfo = StopwatchAuto;
		};
/* End PBXContainerItemProxy section */

/* Begin PBXFileReference section */
		3B98F8D6306C127B00538A65 /* StopwatchAuto.app */ = {isa = PBXFileReference; explicitFileType = wrapper.application; includeInIndex = 0; path = StopwatchAuto.app; sourceTree = BUILT_PRODUCTS_DIR; };
		3B98F8E3306C127B00538A65 /* StopwatchAutoTests.xctest */ = {isa = PBXFileReference; explicitFileType = wrapper.cfbundle; includeInIndex = 0; path = StopwatchAutoTests.xctest; sourceTree = BUILT_PRODUCTS_DIR; };
		3B98F8ED306C127B00538A65 /* StopwatchAutoUITests.xctest */ = {isa = PBXFileReference; explicitFileType = wrapper.cfbundle; includeInIndex = 0; path = StopwatchAutoUITests.xctest; sourceTree = BUILT_PRODUCTS_DIR; };
/* End PBXFileReference section */

/* Begin PBXFileSystemSynchronizedRootGroup section */
		3B98F8D8306C127B00538A65 /* StopwatchAuto */ = {
			isa = PBXFileSystemSynchronizedRootGroup;
			path = StopwatchAuto;
			sourceTree = "<group>";
		};
		3B98F8E6306C127B00538A65 /* StopwatchAutoTests */ = {
			isa = PBXFileSystemSynchronizedRootGroup;
			path = StopwatchAutoTests;
			sourceTree = "<group>";
		};
		3B98F8F0306C127B00538A65 /* StopwatchAutoUITests */ = {
			isa = PBXFileSystemSynchronizedRootGroup;
			path = StopwatchAutoUITests;
			sourceTree = "<group>";
		};
/* End PBXFileSystemSynchronizedRootGroup section */

/* Begin PBXFrameworksBuildPhase section */
		3B98F8D3306C127B00538A65 /* Frameworks */ = {
			isa = PBXFrameworksBuildPhase;
			files = (
			);
		};
		3B98F8E0306C127B00538A65 /* Frameworks */ = {
			isa = PBXFrameworksBuildPhase;
			files = (
			);
		};
		3B98F8EA306C127B00538A65 /* Frameworks */ = {
			isa = PBXFrameworksBuildPhase;
			files = (
			);
		};
/* End PBXFrameworksBuildPhase section */

/* Begin PBXGroup section */
		3B98F8CD306C127B00538A65 = {
			isa = PBXGroup;
			children = (
				3B98F8D8306C127B00538A65 /* StopwatchAuto */,
				3B98F8E6306C127B00538A65 /* StopwatchAutoTests */,
				3B98F8F0306C127B00538A65 /* StopwatchAutoUITests */,
				3B98F8D7306C127B00538A65 /* Products */,
			);
			sourceTree = "<group>";
		};
		3B98F8D7306C127B00538A65 /* Products */ = {
			isa = PBXGroup;
			children = (
				3B98F8D6306C127B00538A65 /* StopwatchAuto.app */,
				3B98F8E3306C127B00538A65 /* StopwatchAutoTests.xctest */,
				3B98F8ED306C127B00538A65 /* StopwatchAutoUITests.xctest */,
			);
			name = Products;
			sourceTree = "<group>";
		};
/* End PBXGroup section */

/* Begin PBXNativeTarget section */
		3B98F8D5306C127B00538A65 /* StopwatchAuto */ = {
			isa = PBXNativeTarget;
			buildConfigurationList = 3B98F8F5306C127B00538A65 /* Build configuration list for PBXNativeTarget "StopwatchAuto" */;
			buildPhases = (
				3B98F8D2306C127B00538A65 /* Sources */,
				3B98F8D3306C127B00538A65 /* Frameworks */,
				3B98F8D4306C127B00538A65 /* Resources */,
			);
			buildRules = (
			);
			fileSystemSynchronizedGroups = (
				3B98F8D8306C127B00538A65 /* StopwatchAuto */,
			);
			name = StopwatchAuto;
			productName = StopwatchAuto;
			productReference = 3B98F8D6306C127B00538A65 /* StopwatchAuto.app */;
			productType = "com.apple.product-type.application";
		};
		3B98F8E2306C127B00538A65 /* StopwatchAutoTests */ = {
			isa = PBXNativeTarget;
			buildConfigurationList = 3B98F8F8306C127B00538A65 /* Build configuration list for PBXNativeTarget "StopwatchAutoTests" */;
			buildPhases = (
				3B98F8DF306C127B00538A65 /* Sources */,
				3B98F8E0306C127B00538A65 /* Frameworks */,
				3B98F8E1306C127B00538A65 /* Resources */,
			);
			buildRules = (
			);
			dependencies = (
				3B98F8E5306C127B00538A65 /* PBXTargetDependency */,
			);
			fileSystemSynchronizedGroups = (
				3B98F8E6306C127B00538A65 /* StopwatchAutoTests */,
			);
			name = StopwatchAutoTests;
			productName = StopwatchAutoTests;
			productReference = 3B98F8E3306C127B00538A65 /* StopwatchAutoTests.xctest */;
			productType = "com.apple.product-type.bundle.unit-test";
		};
		3B98F8EC306C127B00538A65 /* StopwatchAutoUITests */ = {
			isa = PBXNativeTarget;
			buildConfigurationList = 3B98F8FB306C127B00538A65 /* Build configuration list for PBXNativeTarget "StopwatchAutoUITests" */;
			buildPhases = (
				3B98F8E9306C127B00538A65 /* Sources */,
				3B98F8EA306C127B00538A65 /* Frameworks */,
				3B98F8EB306C127B00538A65 /* Resources */,
			);
			buildRules = (
			);
			dependencies = (
				3B98F8EF306C127B00538A65 /* PBXTargetDependency */,
			);
			fileSystemSynchronizedGroups = (
				3B98F8F0306C127B00538A65 /* StopwatchAutoUITests */,
			);
			name = StopwatchAutoUITests;
			productName = StopwatchAutoUITests;
			productReference = 3B98F8ED306C127B00538A65 /* StopwatchAutoUITests.xctest */;
			productType = "com.apple.product-type.bundle.ui-testing";
		};
/* End PBXNativeTarget section */

/* Begin PBXProject section */
		3B98F8CE306C127B00538A65 /* Project object */ = {
			isa = PBXProject;
			attributes = {
				BuildIndependentTargetsInParallel = 1;
				LastSwiftUpdateCheck = 2700;
				LastUpgradeCheck = 2700;
				TargetAttributes = {
					3B98F8D5306C127B00538A65 = {
						CreatedOnToolsVersion = 27.0;
					};
					3B98F8E2306C127B00538A65 = {
						CreatedOnToolsVersion = 27.0;
						TestTargetID = 3B98F8D5306C127B00538A65;
					};
					3B98F8EC306C127B00538A65 = {
						CreatedOnToolsVersion = 27.0;
						TestTargetID = 3B98F8D5306C127B00538A65;
					};
				};
			};
			buildConfigurationList = 3B98F8D1306C127B00538A65 /* Build configuration list for PBXProject "StopwatchAuto" */;
			developmentRegion = en;
			hasScannedForEncodings = 0;
			knownRegions = (
				en,
				Base,
			);
			mainGroup = 3B98F8CD306C127B00538A65;
			minimizedProjectReferenceProxies = 1;
			preferredProjectObjectVersion = 77;
			productRefGroup = 3B98F8D7306C127B00538A65 /* Products */;
			projectDirPath = "";
			projectRoot = "";
			targets = (
				3B98F8D5306C127B00538A65 /* StopwatchAuto */,
				3B98F8E2306C127B00538A65 /* StopwatchAutoTests */,
				3B98F8EC306C127B00538A65 /* StopwatchAutoUITests */,
			);
		};
/* End PBXProject section */

/* Begin PBXResourcesBuildPhase section */
		3B98F8D4306C127B00538A65 /* Resources */ = {
			isa = PBXResourcesBuildPhase;
			files = (
			);
		};
		3B98F8E1306C127B00538A65 /* Resources */ = {
			isa = PBXResourcesBuildPhase;
			files = (
			);
		};
		3B98F8EB306C127B00538A65 /* Resources */ = {
			isa = PBXResourcesBuildPhase;
			files = (
			);
		};
/* End PBXResourcesBuildPhase section */

/* Begin PBXSourcesBuildPhase section */
		3B98F8D2306C127B00538A65 /* Sources */ = {
			isa = PBXSourcesBuildPhase;
			files = (
			);
		};
		3B98F8DF306C127B00538A65 /* Sources */ = {
			isa = PBXSourcesBuildPhase;
			files = (
			);
		};
		3B98F8E9306C127B00538A65 /* Sources */ = {
			isa = PBXSourcesBuildPhase;
			files = (
			);
		};
/* End PBXSourcesBuildPhase section */

/* Begin PBXTargetDependency section */
		3B98F8E5306C127B00538A65 /* PBXTargetDependency */ = {
			isa = PBXTargetDependency;
			target = 3B98F8D5306C127B00538A65 /* StopwatchAuto */;
			targetProxy = 3B98F8E4306C127B00538A65 /* PBXContainerItemProxy */;
		};
		3B98F8EF306C127B00538A65 /* PBXTargetDependency */ = {
			isa = PBXTargetDependency;
			target = 3B98F8D5306C127B00538A65 /* StopwatchAuto */;
			targetProxy = 3B98F8EE306C127B00538A65 /* PBXContainerItemProxy */;
		};
/* End PBXTargetDependency section */

/* Begin XCBuildConfiguration section */
		3B98F8F3306C127B00538A65 /* Debug configuration for PBXProject "StopwatchAuto" */ = {
			isa = XCBuildConfiguration;
			buildSettings = {
				ALWAYS_SEARCH_USER_PATHS = NO;
				ASSETCATALOG_COMPILER_GENERATE_SWIFT_ASSET_SYMBOL_EXTENSIONS = YES;
				CLANG_ANALYZER_NONNULL = YES;
				CLANG_ANALYZER_NUMBER_OBJECT_CONVERSION = YES_AGGRESSIVE;
				CLANG_CXX_LANGUAGE_STANDARD = "gnu++20";
				CLANG_ENABLE_MODULES = YES;
				CLANG_ENABLE_OBJC_ARC = YES;
				CLANG_ENABLE_OBJC_WEAK = YES;
				CLANG_WARN_BLOCK_CAPTURE_AUTORELEASING = YES;
				CLANG_WARN_BOOL_CONVERSION = YES;
				CLANG_WARN_COMMA = YES;
				CLANG_WARN_CONSTANT_CONVERSION = YES;
				CLANG_WARN_DEPRECATED_OBJC_IMPLEMENTATIONS = YES;
				CLANG_WARN_DIRECT_OBJC_ISA_USAGE = YES_ERROR;
				CLANG_WARN_DOCUMENTATION_COMMENTS = YES;
				CLANG_WARN_EMPTY_BODY = YES;
				CLANG_WARN_ENUM_CONVERSION = YES;
				CLANG_WARN_INFINITE_RECURSION = YES;
				CLANG_WARN_INT_CONVERSION = YES;
				CLANG_WARN_NON_LITERAL_NULL_CONVERSION = YES;
				CLANG_WARN_OBJC_IMPLICIT_RETAIN_SELF = YES;
				CLANG_WARN_OBJC_LITERAL_CONVERSION = YES;
				CLANG_WARN_OBJC_ROOT_CLASS = YES_ERROR;
				CLANG_WARN_QUOTED_INCLUDE_IN_FRAMEWORK_HEADER = YES;
				CLANG_WARN_RANGE_LOOP_ANALYSIS = YES;
				CLANG_WARN_STRICT_PROTOTYPES = YES;
				CLANG_WARN_SUSPICIOUS_MOVE = YES;
				CLANG_WARN_UNGUARDED_AVAILABILITY = YES_AGGRESSIVE;
				CLANG_WARN_UNREACHABLE_CODE = YES;
				CLANG_WARN__DUPLICATE_METHOD_MATCH = YES;
				COPY_PHASE_STRIP = NO;
				DEBUG_INFORMATION_FORMAT = dwarf;
				DEVELOPMENT_TEAM = L4TQ6C2R74;
				ENABLE_STRICT_OBJC_MSGSEND = YES;
				ENABLE_TESTABILITY = YES;
				ENABLE_USER_SCRIPT_SANDBOXING = YES;
				GCC_C_LANGUAGE_STANDARD = gnu17;
				GCC_DYNAMIC_NO_PIC = NO;
				GCC_NO_COMMON_BLOCKS = YES;
				GCC_OPTIMIZATION_LEVEL = 0;
				GCC_PREPROCESSOR_DEFINITIONS = (
					"DEBUG=1",
					"$(inherited)",
				);
				GCC_WARN_64_TO_32_BIT_CONVERSION = YES;
				GCC_WARN_ABOUT_RETURN_TYPE = YES_ERROR;
				GCC_WARN_UNDECLARED_SELECTOR = YES;
				GCC_WARN_UNINITIALIZED_AUTOS = YES_AGGRESSIVE;
				GCC_WARN_UNUSED_FUNCTION = YES;
				GCC_WARN_UNUSED_VARIABLE = YES;
				IPHONEOS_DEPLOYMENT_TARGET = 27.0;
				LOCALIZATION_PREFERS_STRING_CATALOGS = YES;
				MTL_ENABLE_DEBUG_INFO = INCLUDE_SOURCE;
				MTL_FAST_MATH = YES;
				ONLY_ACTIVE_ARCH = YES;
				SDKROOT = iphoneos;
				SWIFT_ACTIVE_COMPILATION_CONDITIONS = "DEBUG $(inherited)";
				SWIFT_OPTIMIZATION_LEVEL = "-Onone";
			};
			name = Debug;
		};
		3B98F8F4306C127B00538A65 /* Release configuration for PBXProject "StopwatchAuto" */ = {
			isa = XCBuildConfiguration;
			buildSettings = {
				ALWAYS_SEARCH_USER_PATHS = NO;
				ASSETCATALOG_COMPILER_GENERATE_SWIFT_ASSET_SYMBOL_EXTENSIONS = YES;
				CLANG_ANALYZER_NONNULL = YES;
				CLANG_ANALYZER_NUMBER_OBJECT_CONVERSION = YES_AGGRESSIVE;
				CLANG_CXX_LANGUAGE_STANDARD = "gnu++20";
				CLANG_ENABLE_MODULES = YES;
				CLANG_ENABLE_OBJC_ARC = YES;
				CLANG_ENABLE_OBJC_WEAK = YES;
				CLANG_WARN_BLOCK_CAPTURE_AUTORELEASING = YES;
				CLANG_WARN_BOOL_CONVERSION = YES;
				CLANG_WARN_COMMA = YES;
				CLANG_WARN_CONSTANT_CONVERSION = YES;
				CLANG_WARN_DEPRECATED_OBJC_IMPLEMENTATIONS = YES;
				CLANG_WARN_DIRECT_OBJC_ISA_USAGE = YES_ERROR;
				CLANG_WARN_DOCUMENTATION_COMMENTS = YES;
				CLANG_WARN_EMPTY_BODY = YES;
				CLANG_WARN_ENUM_CONVERSION = YES;
				CLANG_WARN_INFINITE_RECURSION = YES;
				CLANG_WARN_INT_CONVERSION = YES;
				CLANG_WARN_NON_LITERAL_NULL_CONVERSION = YES;
				CLANG_WARN_OBJC_IMPLICIT_RETAIN_SELF = YES;
				CLANG_WARN_OBJC_LITERAL_CONVERSION = YES;
				CLANG_WARN_OBJC_ROOT_CLASS = YES_ERROR;
				CLANG_WARN_QUOTED_INCLUDE_IN_FRAMEWORK_HEADER = YES;
				CLANG_WARN_RANGE_LOOP_ANALYSIS = YES;
				CLANG_WARN_STRICT_PROTOTYPES = YES;
				CLANG_WARN_SUSPICIOUS_MOVE = YES;
				CLANG_WARN_UNGUARDED_AVAILABILITY = YES_AGGRESSIVE;
				CLANG_WARN_UNREACHABLE_CODE = YES;
				CLANG_WARN__DUPLICATE_METHOD_MATCH = YES;
				COPY_PHASE_STRIP = NO;
				DEBUG_INFORMATION_FORMAT = "dwarf-with-dsym";
				DEVELOPMENT_TEAM = L4TQ6C2R74;
				ENABLE_NS_ASSERTIONS = NO;
				ENABLE_STRICT_OBJC_MSGSEND = YES;
				ENABLE_USER_SCRIPT_SANDBOXING = YES;
				GCC_C_LANGUAGE_STANDARD = gnu17;
				GCC_NO_COMMON_BLOCKS = YES;
				GCC_WARN_64_TO_32_BIT_CONVERSION = YES;
				GCC_WARN_ABOUT_RETURN_TYPE = YES_ERROR;
				GCC_WARN_UNDECLARED_SELECTOR = YES;
				GCC_WARN_UNINITIALIZED_AUTOS = YES_AGGRESSIVE;
				GCC_WARN_UNUSED_FUNCTION = YES;
				GCC_WARN_UNUSED_VARIABLE = YES;
				IPHONEOS_DEPLOYMENT_TARGET = 27.0;
				LOCALIZATION_PREFERS_STRING_CATALOGS = YES;
				MTL_ENABLE_DEBUG_INFO = NO;
				MTL_FAST_MATH = YES;
				SDKROOT = iphoneos;
				SWIFT_COMPILATION_MODE = wholemodule;
				VALIDATE_PRODUCT = YES;
			};
			name = Release;
		};
		3B98F8F6306C127B00538A65 /* Debug configuration for PBXNativeTarget "StopwatchAuto" */ = {
			isa = XCBuildConfiguration;
			buildSettings = {
				ASSETCATALOG_COMPILER_APPICON_NAME = AppIcon;
				ASSETCATALOG_COMPILER_GLOBAL_ACCENT_COLOR_NAME = AccentColor;
				CODE_SIGN_STYLE = Automatic;
				CURRENT_PROJECT_VERSION = 1;
				DEVELOPMENT_TEAM = L4TQ6C2R74;
				ENABLE_PREVIEWS = YES;
				GENERATE_INFOPLIST_FILE = YES;
				INFOPLIST_KEY_UIApplicationSceneManifest_Generation = YES;
				INFOPLIST_KEY_UIApplicationSupportsIndirectInputEvents = YES;
				INFOPLIST_KEY_UILaunchScreen_Generation = YES;
				INFOPLIST_KEY_UISupportedInterfaceOrientations_iPad = "UIInterfaceOrientationPortrait UIInterfaceOrientationPortraitUpsideDown UIInterfaceOrientationLandscapeLeft UIInterfaceOrientationLandscapeRight";
				INFOPLIST_KEY_UISupportedInterfaceOrientations_iPhone = "UIInterfaceOrientationPortrait UIInterfaceOrientationLandscapeLeft UIInterfaceOrientationLandscapeRight";
				LD_RUNPATH_SEARCH_PATHS = (
					"$(inherited)",
					"@executable_path/Frameworks",
				);
				MARKETING_VERSION = 1.0;
				PRODUCT_BUNDLE_IDENTIFIER = edu.cs.ucdavis.ecs191.StopwatchAuto;
				PRODUCT_NAME = "$(TARGET_NAME)";
				STRING_CATALOG_GENERATE_SYMBOLS = YES;
				SWIFT_APPROACHABLE_CONCURRENCY = YES;
				SWIFT_DEFAULT_ACTOR_ISOLATION = MainActor;
				SWIFT_EMIT_LOC_STRINGS = YES;
				SWIFT_UPCOMING_FEATURE_MEMBER_IMPORT_VISIBILITY = YES;
				SWIFT_VERSION = 5.0;
				TARGETED_DEVICE_FAMILY = "1,2";
			};
			name = Debug;
		};
		3B98F8F7306C127B00538A65 /* Release configuration for PBXNativeTarget "StopwatchAuto" */ = {
			isa = XCBuildConfiguration;
			buildSettings = {
				ASSETCATALOG_COMPILER_APPICON_NAME = AppIcon;
				ASSETCATALOG_COMPILER_GLOBAL_ACCENT_COLOR_NAME = AccentColor;
				CODE_SIGN_STYLE = Automatic;
				CURRENT_PROJECT_VERSION = 1;
				DEVELOPMENT_TEAM = L4TQ6C2R74;
				ENABLE_PREVIEWS = YES;
				GENERATE_INFOPLIST_FILE = YES;
				INFOPLIST_KEY_UIApplicationSceneManifest_Generation = YES;
				INFOPLIST_KEY_UIApplicationSupportsIndirectInputEvents = YES;
				INFOPLIST_KEY_UILaunchScreen_Generation = YES;
				INFOPLIST_KEY_UISupportedInterfaceOrientations_iPad = "UIInterfaceOrientationPortrait UIInterfaceOrientationPortraitUpsideDown UIInterfaceOrientationLandscapeLeft UIInterfaceOrientationLandscapeRight";
				INFOPLIST_KEY_UISupportedInterfaceOrientations_iPhone = "UIInterfaceOrientationPortrait UIInterfaceOrientationLandscapeLeft UIInterfaceOrientationLandscapeRight";
				LD_RUNPATH_SEARCH_PATHS = (
					"$(inherited)",
					"@executable_path/Frameworks",
				);
				MARKETING_VERSION = 1.0;
				PRODUCT_BUNDLE_IDENTIFIER = edu.cs.ucdavis.ecs191.StopwatchAuto;
				PRODUCT_NAME = "$(TARGET_NAME)";
				STRING_CATALOG_GENERATE_SYMBOLS = YES;
				SWIFT_APPROACHABLE_CONCURRENCY = YES;
				SWIFT_DEFAULT_ACTOR_ISOLATION = MainActor;
				SWIFT_EMIT_LOC_STRINGS = YES;
				SWIFT_UPCOMING_FEATURE_MEMBER_IMPORT_VISIBILITY = YES;
				SWIFT_VERSION = 5.0;
				TARGETED_DEVICE_FAMILY = "1,2";
			};
			name = Release;
		};
		3B98F8F9306C127B00538A65 /* Debug configuration for PBXNativeTarget "StopwatchAutoTests" */ = {
			isa = XCBuildConfiguration;
			buildSettings = {
				BUNDLE_LOADER = "$(TEST_HOST)";
				CODE_SIGN_STYLE = Automatic;
				CURRENT_PROJECT_VERSION = 1;
				DEVELOPMENT_TEAM = L4TQ6C2R74;
				GENERATE_INFOPLIST_FILE = YES;
				IPHONEOS_DEPLOYMENT_TARGET = 27.0;
				MARKETING_VERSION = 1.0;
				PRODUCT_BUNDLE_IDENTIFIER = edu.cs.ucdavis.ecs191.StopwatchAutoTests;
				PRODUCT_NAME = "$(TARGET_NAME)";
				STRING_CATALOG_GENERATE_SYMBOLS = NO;
				SWIFT_APPROACHABLE_CONCURRENCY = YES;
				SWIFT_EMIT_LOC_STRINGS = NO;
				SWIFT_UPCOMING_FEATURE_MEMBER_IMPORT_VISIBILITY = YES;
				SWIFT_VERSION = 5.0;
				TARGETED_DEVICE_FAMILY = "1,2";
				TEST_HOST = "$(BUILT_PRODUCTS_DIR)/StopwatchAuto.app/$(BUNDLE_EXECUTABLE_FOLDER_PATH)/StopwatchAuto";
			};
			name = Debug;
		};
		3B98F8FA306C127B00538A65 /* Release configuration for PBXNativeTarget "StopwatchAutoTests" */ = {
			isa = XCBuildConfiguration;
			buildSettings = {
				BUNDLE_LOADER = "$(TEST_HOST)";
				CODE_SIGN_STYLE = Automatic;
				CURRENT_PROJECT_VERSION = 1;
				DEVELOPMENT_TEAM = L4TQ6C2R74;
				GENERATE_INFOPLIST_FILE = YES;
				IPHONEOS_DEPLOYMENT_TARGET = 27.0;
				MARKETING_VERSION = 1.0;
				PRODUCT_BUNDLE_IDENTIFIER = edu.cs.ucdavis.ecs191.StopwatchAutoTests;
				PRODUCT_NAME = "$(TARGET_NAME)";
				STRING_CATALOG_GENERATE_SYMBOLS = NO;
				SWIFT_APPROACHABLE_CONCURRENCY = YES;
				SWIFT_EMIT_LOC_STRINGS = NO;
				SWIFT_UPCOMING_FEATURE_MEMBER_IMPORT_VISIBILITY = YES;
				SWIFT_VERSION = 5.0;
				TARGETED_DEVICE_FAMILY = "1,2";
				TEST_HOST = "$(BUILT_PRODUCTS_DIR)/StopwatchAuto.app/$(BUNDLE_EXECUTABLE_FOLDER_PATH)/StopwatchAuto";
			};
			name = Release;
		};
		3B98F8FC306C127B00538A65 /* Debug configuration for PBXNativeTarget "StopwatchAutoUITests" */ = {
			isa = XCBuildConfiguration;
			buildSettings = {
				CODE_SIGN_STYLE = Automatic;
				CURRENT_PROJECT_VERSION = 1;
				DEVELOPMENT_TEAM = L4TQ6C2R74;
				GENERATE_INFOPLIST_FILE = YES;
				MARKETING_VERSION = 1.0;
				PRODUCT_BUNDLE_IDENTIFIER = edu.cs.ucdavis.ecs191.StopwatchAutoUITests;
				PRODUCT_NAME = "$(TARGET_NAME)";
				STRING_CATALOG_GENERATE_SYMBOLS = NO;
				SWIFT_APPROACHABLE_CONCURRENCY = YES;
				SWIFT_EMIT_LOC_STRINGS = NO;
				SWIFT_UPCOMING_FEATURE_MEMBER_IMPORT_VISIBILITY = YES;
				SWIFT_VERSION = 5.0;
				TARGETED_DEVICE_FAMILY = "1,2";
				TEST_TARGET_NAME = StopwatchAuto;
			};
			name = Debug;
		};
		3B98F8FD306C127B00538A65 /* Release configuration for PBXNativeTarget "StopwatchAutoUITests" */ = {
			isa = XCBuildConfiguration;
			buildSettings = {
				CODE_SIGN_STYLE = Automatic;
				CURRENT_PROJECT_VERSION = 1;
				DEVELOPMENT_TEAM = L4TQ6C2R74;
				GENERATE_INFOPLIST_FILE = YES;
				MARKETING_VERSION = 1.0;
				PRODUCT_BUNDLE_IDENTIFIER = edu.cs.ucdavis.ecs191.StopwatchAutoUITests;
				PRODUCT_NAME = "$(TARGET_NAME)";
				STRING_CATALOG_GENERATE_SYMBOLS = NO;
				SWIFT_APPROACHABLE_CONCURRENCY = YES;
				SWIFT_EMIT_LOC_STRINGS = NO;
				SWIFT_UPCOMING_FEATURE_MEMBER_IMPORT_VISIBILITY = YES;
				SWIFT_VERSION = 5.0;
				TARGETED_DEVICE_FAMILY = "1,2";
				TEST_TARGET_NAME = StopwatchAuto;
			};
			name = Release;
		};
/* End XCBuildConfiguration section */

/* Begin XCConfigurationList section */
		3B98F8D1306C127B00538A65 /* Build configuration list for PBXProject "StopwatchAuto" */ = {
			isa = XCConfigurationList;
			buildConfigurations = (
				3B98F8F3306C127B00538A65 /* Debug configuration for PBXProject "StopwatchAuto" */,
				3B98F8F4306C127B00538A65 /* Release configuration for PBXProject "StopwatchAuto" */,
			);
			defaultConfigurationName = Release;
		};
		3B98F8F5306C127B00538A65 /* Build configuration list for PBXNativeTarget "StopwatchAuto" */ = {
			isa = XCConfigurationList;
			buildConfigurations = (
				3B98F8F6306C127B00538A65 /* Debug configuration for PBXNativeTarget "StopwatchAuto" */,
				3B98F8F7306C127B00538A65 /* Release configuration for PBXNativeTarget "StopwatchAuto" */,
			);
			defaultConfigurationName = Release;
		};
		3B98F8F8306C127B00538A65 /* Build configuration list for PBXNativeTarget "StopwatchAutoTests" */ = {
			isa = XCConfigurationList;
			buildConfigurations = (
				3B98F8F9306C127B00538A65 /* Debug configuration for PBXNativeTarget "StopwatchAutoTests" */,
				3B98F8FA306C127B00538A65 /* Release configuration for PBXNativeTarget "StopwatchAutoTests" */,
			);
			defaultConfigurationName = Release;
		};
		3B98F8FB306C127B00538A65 /* Build configuration list for PBXNativeTarget "StopwatchAutoUITests" */ = {
			isa = XCConfigurationList;
			buildConfigurations = (
				3B98F8FC306C127B00538A65 /* Debug configuration for PBXNativeTarget "StopwatchAutoUITests" */,
				3B98F8FD306C127B00538A65 /* Release configuration for PBXNativeTarget "StopwatchAutoUITests" */,
			);
			defaultConfigurationName = Release;
		};
/* End XCConfigurationList section */
	};
	rootObject = 3B98F8CE306C127B00538A65 /* Project object */;
	validationLevel = 1;
}
